
Microsoft Visual Studio Solution File, Format Version 12.00
# Visual Studio 2013
VisualStudioVersion = 12.0.31101.0
MinimumVisualStudioVersion = 10.0.40219.1
Project("{FAE04EC0-301F-11D3-BF4B-00C04F79EFBC}") = "poshring", "poshring\poshring.csproj", "{4E443910-8C87-4815-8718-9E987C40098D}"
EndProject
Project("{FAE04EC0-301F-11D3-BF4B-00C04F79EFBC}") = "poshring.tests", "poshring.tests\poshring.tests.csproj", "{ECF3AACC-075F-4706-BE75-A1B09EE6D539}"
EndProject
Global
	GlobalSection(SolutionConfigurationPlatforms) = preSolution
		Debug|Any CPU = Debug|Any CPU
		Release|Any CPU = Release|Any CPU
	EndGlobalSection
	GlobalSection(ProjectConfigurationPlatforms) = postSolution
		{4E443910-8C87-4815-8718-9E987C40098D}.Debug|Any CPU.ActiveCfg = Debug|Any CPU
		{4E443910-8C87-4815-8718-9E987C40098D}.Debug|Any CPU.Build.0 = Debug|Any CPU
		{4E443910-8C87-4815-8718-9E987C40098D}.Release|Any CPU.ActiveCfg = Release|Any CPU
		{4E443910-8C87-4815-8718-9E987C40098D}.Release|Any CPU.Build.0 = Release|Any CPU
		{ECF3AACC-075F-4706-BE75-A1B09EE6D539}.Debug|Any CPU.ActiveCfg = Debug|Any CPU
		{ECF3AACC-075F-4706-BE75-A1B09EE6D539}.Debug|Any CPU.Build.0 = Debug|Any CPU
		{ECF3AACC-075F-4706-BE75-A1B09EE6D539}.Release|Any CPU.ActiveCfg = Release|Any CPU
		{ECF3AACC-075F-4706-BE75-A1B09EE6D539}.Release|Any CPU.Build.0 = Release|Any CPU
	EndGlobalSection
	GlobalSection(SolutionProperties) = preSolution
		HideSolutionNode = FALSE
	EndGlobalSection
EndGlobal
